<?xml version="1.0" encoding="utf-8"?>
<Project ToolsVersion="4.0" xmlns="http://schemas.microsoft.com/developer/msbuild/2003">
  <ItemGroup>
    <Filter Include="源文件">
      <UniqueIdentifier>{4FC737F1-C7A5-4376-A066-2A32D752A2FF}</UniqueIdentifier>
      <Extensions>cpp;c;cc;cxx;def;odl;idl;hpj;bat;asm;asmx</Extensions>
    </Filter>
    <Filter Include="头文件">
      <UniqueIdentifier>{93995380-89BD-4b04-88EB-625FBE52EBFB}</UniqueIdentifier>
      <Extensions>h;hpp;hxx;hm;inl;inc;xsd</Extensions>
    </Filter>
    <Filter Include="资源文件">
      <UniqueIdentifier>{67DA6AB6-F800-4c08-8B7A-83BB121AAD01}</UniqueIdentifier>
      <Extensions>rc;ico;cur;bmp;dlg;rc2;rct;bin;rgs;gif;jpg;jpeg;jpe;resx;tiff;tif;png;wav;mfcribbon-ms</Extensions>
    </Filter>
  </ItemGroup>
  <ItemGroup>
    <ClCompile Include="WinMain.cpp">
      <Filter>源文件</Filter>
    </ClCompile>
  </ItemGroup>
  <ItemGroup>
    <ClInclude Include="resource.h">
      <Filter>头文件</Filter>
    </ClInclude>
  </ItemGroup>
  <ItemGroup>
    <ResourceCompile Include="小游戏试制版.rc">
      <Filter>资源文件</Filter>
    </ResourceCompile>
  </ItemGroup>
  <ItemGroup>
    <Image Include="..\素材\stand_down.bmp">
      <Filter>资源文件</Filter>
    </Image>
    <Image Include="..\素材\stand_downMask.bmp">
      <Filter>资源文件</Filter>
    </Image>
    <Image Include="..\素材\background.bmp">
      <Filter>资源文件</Filter>
    </Image>
    <Image Include="..\素材\run_down1.bmp">
      <Filter>资源文件</Filter>
    </Image>
    <Image Include="..\素材\run_down1Mask.bmp">
      <Filter>资源文件</Filter>
    </Image>
    <Image Include="..\素材\run_down2.bmp">
      <Filter>资源文件</Filter>
    </Image>
    <Image Include="..\素材\run_down2Mask.bmp">
      <Filter>资源文件</Filter>
    </Image>
    <Image Include="..\素材\run_left1.bmp">
      <Filter>资源文件</Filter>
    </Image>
    <Image Include="..\素材\run_left1Mask.bmp">
      <Filter>资源文件</Filter>
    </Image>
    <Image Include="..\素材\run_left2.bmp">
      <Filter>资源文件</Filter>
    </Image>
    <Image Include="..\素材\run_left2Mask.bmp">
      <Filter>资源文件</Filter>
    </Image>
    <Image Include="..\素材\stand_left.bmp">
      <Filter>资源文件</Filter>
    </Image>
    <Image Include="..\素材\stand_leftMask.bmp">
      <Filter>资源文件</Filter>
    </Image>
    <Image Include="..\素材\stand_up.bmp">
      <Filter>资源文件</Filter>
    </Image>
    <Image Include="..\素材\stand_upMask.bmp">
      <Filter>资源文件</Filter>
    </Image>
    <Image Include="..\素材\run_up1.bmp">
      <Filter>资源文件</Filter>
    </Image>
    <Image Include="..\素材\run_up1Mask.bmp">
      <Filter>资源文件</Filter>
    </Image>
    <Image Include="..\素材\run_up2.bmp">
      <Filter>资源文件</Filter>
    </Image>
    <Image Include="..\素材\run_up2Mask.bmp">
      <Filter>资源文件</Filter>
    </Image>
    <Image Include="..\素材\run_right1.bmp">
      <Filter>资源文件</Filter>
    </Image>
    <Image Include="..\素材\run_right1Mask.bmp">
      <Filter>资源文件</Filter>
    </Image>
    <Image Include="..\素材\run_right2.bmp">
      <Filter>资源文件</Filter>
    </Image>
    <Image Include="..\素材\run_right2Mask.bmp">
      <Filter>资源文件</Filter>
    </Image>
    <Image Include="..\素材\stand_right.bmp">
      <Filter>资源文件</Filter>
    </Image>
    <Image Include="..\素材\stand_rightMask.bmp">
      <Filter>资源文件</Filter>
    </Image>
    <Image Include="..\素材\NPC.bmp">
      <Filter>资源文件</Filter>
    </Image>
    <Image Include="..\素材\NPCMask.bmp">
      <Filter>资源文件</Filter>
    </Image>
    <Image Include="..\素材\NPCHwndPic.bmp">
      <Filter>资源文件</Filter>
    </Image>
  </ItemGroup>
</Project>